Microsoft Visual Studio Solution File, Format Version 11.00
# Visual Studio 2008

Project("{22DD0524-089D-1856-C090-D419B9524917}") = "Master_Wars", "Assembly-CSharp-firstpass-vs.csproj", "{80DA6DA3-74A0-A9F8-8E2E-A8E0A134DF1F}"
EndProject
Project("{22DD0524-089D-1856-C090-D419B9524917}") = "Master_Wars", "Assembly-CSharp-vs.csproj", "{929888B9-D90F-F70B-9494-E6F81E3EAB29}"
EndProject
Project("{22DD0524-089D-1856-C090-D419B9524917}") = "Master_Wars", "Assembly-CSharp-Editor-vs.csproj", "{B36B8FE4-39B4-FB44-FE94-B56612A23357}"
EndProject
Global
	GlobalSection(SolutionConfigurationPlatforms) = preSolution
		Debug|Any CPU = Debug|Any CPU
		Release|Any CPU = Release|Any CPU
	EndGlobalSection
	GlobalSection(ProjectConfigurationPlatforms) = postSolution
		{80DA6DA3-74A0-A9F8-8E2E-A8E0A134DF1F}.Debug|Any CPU.ActiveCfg = Debug|Any CPU
		{80DA6DA3-74A0-A9F8-8E2E-A8E0A134DF1F}.Debug|Any CPU.Build.0 = Debug|Any CPU
		{80DA6DA3-74A0-A9F8-8E2E-A8E0A134DF1F}.Release|Any CPU.ActiveCfg = Release|Any CPU
		{80DA6DA3-74A0-A9F8-8E2E-A8E0A134DF1F}.Release|Any CPU.Build.0 = Release|Any CPU
		{929888B9-D90F-F70B-9494-E6F81E3EAB29}.Debug|Any CPU.ActiveCfg = Debug|Any CPU
		{929888B9-D90F-F70B-9494-E6F81E3EAB29}.Debug|Any CPU.Build.0 = Debug|Any CPU
		{929888B9-D90F-F70B-9494-E6F81E3EAB29}.Release|Any CPU.ActiveCfg = Release|Any CPU
		{929888B9-D90F-F70B-9494-E6F81E3EAB29}.Release|Any CPU.Build.0 = Release|Any CPU
		{B36B8FE4-39B4-FB44-FE94-B56612A23357}.Debug|Any CPU.ActiveCfg = Debug|Any CPU
		{B36B8FE4-39B4-FB44-FE94-B56612A23357}.Debug|Any CPU.Build.0 = Debug|Any CPU
		{B36B8FE4-39B4-FB44-FE94-B56612A23357}.Release|Any CPU.ActiveCfg = Release|Any CPU
		{B36B8FE4-39B4-FB44-FE94-B56612A23357}.Release|Any CPU.Build.0 = Release|Any CPU
	EndGlobalSection
	GlobalSection(SolutionProperties) = preSolution
		HideSolutionNode = FALSE
	EndGlobalSection
						GlobalSection(MonoDevelopProperties) = preSolution
		StartupItem = Assembly-CSharp.csproj
		Policies = $0
		$0.TextStylePolicy = $1
		$1.inheritsSet = null
		$1.scope = text/x-csharp
		$0.CSharpFormattingPolicy = $2
		$2.inheritsSet = Mono
		$2.inheritsScope = text/x-csharp
		$2.scope = text/x-csharp
		$0.TextStylePolicy = $3
		$3.FileWidth = 120
		$3.TabWidth = 4
		$3.EolMarker = Unix
		$3.inheritsSet = Mono
		$3.inheritsScope = text/plain
		$3.scope = text/plain
	EndGlobalSection

EndGlobal
